
Microsoft Visual Studio Solution File, Format Version 12.00
# Visual Studio 15
VisualStudioVersion = 15.0.27004.2008
MinimumVisualStudioVersion = 10.0.40219.1
Project("{FAE04EC0-301F-11D3-BF4B-00C04F79EFBC}") = "BulletWalker", "BulletWalker\BulletWalker.csproj", "{0A850BAA-7985-42EC-A4BF-11657050A61E}"
EndProject
Global
	GlobalSection(SolutionConfigurationPlatforms) = preSolution
		Debug|ARM = Debug|ARM
		Debug|x64 = Debug|x64
		Debug|x86 = Debug|x86
		Release|ARM = Release|ARM
		Release|x64 = Release|x64
		Release|x86 = Release|x86
	EndGlobalSection
	GlobalSection(ProjectConfigurationPlatforms) = postSolution
		{0A850BAA-7985-42EC-A4BF-11657050A61E}.Debug|ARM.ActiveCfg = Debug|ARM
		{0A850BAA-7985-42EC-A4BF-11657050A61E}.Debug|ARM.Build.0 = Debug|ARM
		{0A850BAA-7985-42EC-A4BF-11657050A61E}.Debug|ARM.Deploy.0 = Debug|ARM
		{0A850BAA-7985-42EC-A4BF-11657050A61E}.Debug|x64.ActiveCfg = Debug|x64
		{0A850BAA-7985-42EC-A4BF-11657050A61E}.Debug|x64.Build.0 = Debug|x64
		{0A850BAA-7985-42EC-A4BF-11657050A61E}.Debug|x64.Deploy.0 = Debug|x64
		{0A850BAA-7985-42EC-A4BF-11657050A61E}.Debug|x86.ActiveCfg = Debug|x86
		{0A850BAA-7985-42EC-A4BF-11657050A61E}.Debug|x86.Build.0 = Debug|x86
		{0A850BAA-7985-42EC-A4BF-11657050A61E}.Debug|x86.Deploy.0 = Debug|x86
		{0A850BAA-7985-42EC-A4BF-11657050A61E}.Release|ARM.ActiveCfg = Release|ARM
		{0A850BAA-7985-42EC-A4BF-11657050A61E}.Release|ARM.Build.0 = Release|ARM
		{0A850BAA-7985-42EC-A4BF-11657050A61E}.Release|ARM.Deploy.0 = Release|ARM
		{0A850BAA-7985-42EC-A4BF-11657050A61E}.Release|x64.ActiveCfg = Release|x64
		{0A850BAA-7985-42EC-A4BF-11657050A61E}.Release|x64.Build.0 = Release|x64
		{0A850BAA-7985-42EC-A4BF-11657050A61E}.Release|x64.Deploy.0 = Release|x64
		{0A850BAA-7985-42EC-A4BF-11657050A61E}.Release|x86.ActiveCfg = Release|x86
		{0A850BAA-7985-42EC-A4BF-11657050A61E}.Release|x86.Build.0 = Release|x86
		{0A850BAA-7985-42EC-A4BF-11657050A61E}.Release|x86.Deploy.0 = Release|x86
	EndGlobalSection
	GlobalSection(SolutionProperties) = preSolution
		HideSolutionNode = FALSE
	EndGlobalSection
	GlobalSection(ExtensibilityGlobals) = postSolution
		SolutionGuid = {8F911275-4071-42B9-A974-900C20F25ED4}
	EndGlobalSection
EndGlobal
